
Microsoft Visual Studio Solution File, Format Version 12.00
# Visual Studio Version 17
VisualStudioVersion = 17.3.32901.215
MinimumVisualStudioVersion = 10.0.40219.1
Project("{FAE04EC0-301F-11D3-BF4B-00C04F79EFBC}") = "GT2VideoApp", "GT2VideoApp\GT2VideoApp.csproj", "{B3C3D248-A61C-438A-9F1C-8D8FBE1A323F}"
EndProject
Global
	GlobalSection(SolutionConfigurationPlatforms) = preSolution
		Debug|Any CPU = Debug|Any CPU
		Release|Any CPU = Release|Any CPU
	EndGlobalSection
	GlobalSection(ProjectConfigurationPlatforms) = postSolution
		{B3C3D248-A61C-438A-9F1C-8D8FBE1A323F}.Debug|Any CPU.ActiveCfg = Debug|Any CPU
		{B3C3D248-A61C-438A-9F1C-8D8FBE1A323F}.Debug|Any CPU.Build.0 = Debug|Any CPU
		{B3C3D248-A61C-438A-9F1C-8D8FBE1A323F}.Release|Any CPU.ActiveCfg = Release|Any CPU
		{B3C3D248-A61C-438A-9F1C-8D8FBE1A323F}.Release|Any CPU.Build.0 = Release|Any CPU
	EndGlobalSection
	GlobalSection(SolutionProperties) = preSolution
		HideSolutionNode = FALSE
	EndGlobalSection
	GlobalSection(ExtensibilityGlobals) = postSolution
		SolutionGuid = {DD9DFEE5-D23E-40E5-9003-0CA3448F3B35}
	EndGlobalSection
EndGlobal
